
Microsoft Visual Studio Solution File, Format Version 12.00
# Visual Studio Version 17
VisualStudioVersion = 17.11.35222.181
MinimumVisualStudioVersion = 10.0.40219.1
Project("{8BC9CEB8-8B4A-11D0-8D11-00A0C91BC942}") = "6.4 іт", "6.4 іт\6.4 іт.vcxproj", "{5B885B68-FAEE-46B2-A661-8A1E947799B1}"
EndProject
Project("{8BC9CEB8-8B4A-11D0-8D11-00A0C91BC942}") = "6.4", "6.4\6.4.vcxproj", "{CE7E2D31-AECB-430F-96B8-50F0FB9F74EF}"
EndProject
Global
	GlobalSection(SolutionConfigurationPlatforms) = preSolution
		Debug|x64 = Debug|x64
		Debug|x86 = Debug|x86
		Release|x64 = Release|x64
		Release|x86 = Release|x86
	EndGlobalSection
	GlobalSection(ProjectConfigurationPlatforms) = postSolution
		{5B885B68-FAEE-46B2-A661-8A1E947799B1}.Debug|x64.ActiveCfg = Debug|x64
		{5B885B68-FAEE-46B2-A661-8A1E947799B1}.Debug|x64.Build.0 = Debug|x64
		{5B885B68-FAEE-46B2-A661-8A1E947799B1}.Debug|x86.ActiveCfg = Debug|Win32
		{5B885B68-FAEE-46B2-A661-8A1E947799B1}.Debug|x86.Build.0 = Debug|Win32
		{5B885B68-FAEE-46B2-A661-8A1E947799B1}.Release|x64.ActiveCfg = Release|x64
		{5B885B68-FAEE-46B2-A661-8A1E947799B1}.Release|x64.Build.0 = Release|x64
		{5B885B68-FAEE-46B2-A661-8A1E947799B1}.Release|x86.ActiveCfg = Release|Win32
		{5B885B68-FAEE-46B2-A661-8A1E947799B1}.Release|x86.Build.0 = Release|Win32
		{CE7E2D31-AECB-430F-96B8-50F0FB9F74EF}.Debug|x64.ActiveCfg = Debug|x64
		{CE7E2D31-AECB-430F-96B8-50F0FB9F74EF}.Debug|x64.Build.0 = Debug|x64
		{CE7E2D31-AECB-430F-96B8-50F0FB9F74EF}.Debug|x86.ActiveCfg = Debug|Win32
		{CE7E2D31-AECB-430F-96B8-50F0FB9F74EF}.Debug|x86.Build.0 = Debug|Win32
		{CE7E2D31-AECB-430F-96B8-50F0FB9F74EF}.Release|x64.ActiveCfg = Release|x64
		{CE7E2D31-AECB-430F-96B8-50F0FB9F74EF}.Release|x64.Build.0 = Release|x64
		{CE7E2D31-AECB-430F-96B8-50F0FB9F74EF}.Release|x86.ActiveCfg = Release|Win32
		{CE7E2D31-AECB-430F-96B8-50F0FB9F74EF}.Release|x86.Build.0 = Release|Win32
	EndGlobalSection
	GlobalSection(SolutionProperties) = preSolution
		HideSolutionNode = FALSE
	EndGlobalSection
	GlobalSection(ExtensibilityGlobals) = postSolution
		SolutionGuid = {2ECE694F-5C4E-421B-BEBD-1AC2D33D2AB2}
	EndGlobalSection
EndGlobal
